
Microsoft Visual Studio Solution File, Format Version 12.00
# Visual Studio Version 17
VisualStudioVersion = 17.8.34525.116
MinimumVisualStudioVersion = 10.0.40219.1
Project("{FAE04EC0-301F-11D3-BF4B-00C04F79EFBC}") = "CalculatorD", "CalculatorD\CalculatorD.csproj", "{12A5BB8A-955F-40BE-BB80-1719A9814997}"
EndProject
Global
	GlobalSection(SolutionConfigurationPlatforms) = preSolution
		Debug|Any CPU = Debug|Any CPU
		Release|Any CPU = Release|Any CPU
	EndGlobalSection
	GlobalSection(ProjectConfigurationPlatforms) = postSolution
		{12A5BB8A-955F-40BE-BB80-1719A9814997}.Debug|Any CPU.ActiveCfg = Debug|Any CPU
		{12A5BB8A-955F-40BE-BB80-1719A9814997}.Debug|Any CPU.Build.0 = Debug|Any CPU
		{12A5BB8A-955F-40BE-BB80-1719A9814997}.Release|Any CPU.ActiveCfg = Release|Any CPU
		{12A5BB8A-955F-40BE-BB80-1719A9814997}.Release|Any CPU.Build.0 = Release|Any CPU
	EndGlobalSection
	GlobalSection(SolutionProperties) = preSolution
		HideSolutionNode = FALSE
	EndGlobalSection
	GlobalSection(ExtensibilityGlobals) = postSolution
		SolutionGuid = {A2AC1DF5-E24E-45AE-8E32-7A830F0B094C}
	EndGlobalSection
EndGlobal
